
Microsoft Visual Studio Solution File, Format Version 12.00
# Visual Studio Version 17
VisualStudioVersion = 17.0.31903.59
MinimumVisualStudioVersion = 10.0.40219.1
Project("{2150E333-8FDC-42A3-9474-1A3956D46DE8}") = "src", "src", "{827E0CD3-B72D-47B6-A68D-7590B98EB39B}"
EndProject
Project("{FAE04EC0-301F-11D3-BF4B-00C04F79EFBC}") = "SalesSystem.Domain", "src\SalesSystem.Domain\SalesSystem.Domain.csproj", "{F362356E-3743-4A5F-A350-8A03B78030A6}"
EndProject
Project("{FAE04EC0-301F-11D3-BF4B-00C04F79EFBC}") = "SalesSystem.Application", "src\SalesSystem.Application\SalesSystem.Application.csproj", "{B76EF475-C53D-49E5-A7C1-94E1CD539163}"
EndProject
Project("{FAE04EC0-301F-11D3-BF4B-00C04F79EFBC}") = "SalesSystem.Infrastructure", "src\SalesSystem.Infrastructure\SalesSystem.Infrastructure.csproj", "{23BC32E4-4C53-495A-A4F4-28657CEC3EF2}"
EndProject
Project("{FAE04EC0-301F-11D3-BF4B-00C04F79EFBC}") = "SalesSystem.Api", "src\SalesSystem.Api\SalesSystem.Api.csproj", "{F2A7EF68-9530-4A6E-8362-35A59ADFC543}"
EndProject
Project("{2150E333-8FDC-42A3-9474-1A3956D46DE8}") = "tests", "tests", "{0AB3BF05-4346-4AA6-1389-037BE0695223}"
EndProject
Project("{FAE04EC0-301F-11D3-BF4B-00C04F79EFBC}") = "SalesSystem.Tests", "tests\SalesSystem.Tests\SalesSystem.Tests.csproj", "{1F61AB87-E8C1-4D24-B857-FFB5D5E8FEB0}"
EndProject
Global
	GlobalSection(SolutionConfigurationPlatforms) = preSolution
		Debug|Any CPU = Debug|Any CPU
		Debug|x64 = Debug|x64
		Debug|x86 = Debug|x86
		Release|Any CPU = Release|Any CPU
		Release|x64 = Release|x64
		Release|x86 = Release|x86
	EndGlobalSection
	GlobalSection(ProjectConfigurationPlatforms) = postSolution
		{F362356E-3743-4A5F-A350-8A03B78030A6}.Debug|Any CPU.ActiveCfg = Debug|Any CPU
		{F362356E-3743-4A5F-A350-8A03B78030A6}.Debug|Any CPU.Build.0 = Debug|Any CPU
		{F362356E-3743-4A5F-A350-8A03B78030A6}.Debug|x64.ActiveCfg = Debug|Any CPU
		{F362356E-3743-4A5F-A350-8A03B78030A6}.Debug|x64.Build.0 = Debug|Any CPU
		{F362356E-3743-4A5F-A350-8A03B78030A6}.Debug|x86.ActiveCfg = Debug|Any CPU
		{F362356E-3743-4A5F-A350-8A03B78030A6}.Debug|x86.Build.0 = Debug|Any CPU
		{F362356E-3743-4A5F-A350-8A03B78030A6}.Release|Any CPU.ActiveCfg = Release|Any CPU
		{F362356E-3743-4A5F-A350-8A03B78030A6}.Release|Any CPU.Build.0 = Release|Any CPU
		{F362356E-3743-4A5F-A350-8A03B78030A6}.Release|x64.ActiveCfg = Release|Any CPU
		{F362356E-3743-4A5F-A350-8A03B78030A6}.Release|x64.Build.0 = Release|Any CPU
		{F362356E-3743-4A5F-A350-8A03B78030A6}.Release|x86.ActiveCfg = Release|Any CPU
		{F362356E-3743-4A5F-A350-8A03B78030A6}.Release|x86.Build.0 = Release|Any CPU
		{B76EF475-C53D-49E5-A7C1-94E1CD539163}.Debug|Any CPU.ActiveCfg = Debug|Any CPU
		{B76EF475-C53D-49E5-A7C1-94E1CD539163}.Debug|Any CPU.Build.0 = Debug|Any CPU
		{B76EF475-C53D-49E5-A7C1-94E1CD539163}.Debug|x64.ActiveCfg = Debug|Any CPU
		{B76EF475-C53D-49E5-A7C1-94E1CD539163}.Debug|x64.Build.0 = Debug|Any CPU
		{B76EF475-C53D-49E5-A7C1-94E1CD539163}.Debug|x86.ActiveCfg = Debug|Any CPU
		{B76EF475-C53D-49E5-A7C1-94E1CD539163}.Debug|x86.Build.0 = Debug|Any CPU
		{B76EF475-C53D-49E5-A7C1-94E1CD539163}.Release|Any CPU.ActiveCfg = Release|Any CPU
		{B76EF475-C53D-49E5-A7C1-94E1CD539163}.Release|Any CPU.Build.0 = Release|Any CPU
		{B76EF475-C53D-49E5-A7C1-94E1CD539163}.Release|x64.ActiveCfg = Release|Any CPU
		{B76EF475-C53D-49E5-A7C1-94E1CD539163}.Release|x64.Build.0 = Release|Any CPU
		{B76EF475-C53D-49E5-A7C1-94E1CD539163}.Release|x86.ActiveCfg = Release|Any CPU
		{B76EF475-C53D-49E5-A7C1-94E1CD539163}.Release|x86.Build.0 = Release|Any CPU
		{23BC32E4-4C53-495A-A4F4-28657CEC3EF2}.Debug|Any CPU.ActiveCfg = Debug|Any CPU
		{23BC32E4-4C53-495A-A4F4-28657CEC3EF2}.Debug|Any CPU.Build.0 = Debug|Any CPU
		{23BC32E4-4C53-495A-A4F4-28657CEC3EF2}.Debug|x64.ActiveCfg = Debug|Any CPU
		{23BC32E4-4C53-495A-A4F4-28657CEC3EF2}.Debug|x64.Build.0 = Debug|Any CPU
		{23BC32E4-4C53-495A-A4F4-28657CEC3EF2}.Debug|x86.ActiveCfg = Debug|Any CPU
		{23BC32E4-4C53-495A-A4F4-28657CEC3EF2}.Debug|x86.Build.0 = Debug|Any CPU
		{23BC32E4-4C53-495A-A4F4-28657CEC3EF2}.Release|Any CPU.ActiveCfg = Release|Any CPU
		{23BC32E4-4C53-495A-A4F4-28657CEC3EF2}.Release|Any CPU.Build.0 = Release|Any CPU
		{23BC32E4-4C53-495A-A4F4-28657CEC3EF2}.Release|x64.ActiveCfg = Release|Any CPU
		{23BC32E4-4C53-495A-A4F4-28657CEC3EF2}.Release|x64.Build.0 = Release|Any CPU
		{23BC32E4-4C53-495A-A4F4-28657CEC3EF2}.Release|x86.ActiveCfg = Release|Any CPU
		{23BC32E4-4C53-495A-A4F4-28657CEC3EF2}.Release|x86.Build.0 = Release|Any CPU
		{F2A7EF68-9530-4A6E-8362-35A59ADFC543}.Debug|Any CPU.ActiveCfg = Debug|Any CPU
		{F2A7EF68-9530-4A6E-8362-35A59ADFC543}.Debug|Any CPU.Build.0 = Debug|Any CPU
		{F2A7EF68-9530-4A6E-8362-35A59ADFC543}.Debug|x64.ActiveCfg = Debug|Any CPU
		{F2A7EF68-9530-4A6E-8362-35A59ADFC543}.Debug|x64.Build.0 = Debug|Any CPU
		{F2A7EF68-9530-4A6E-8362-35A59ADFC543}.Debug|x86.ActiveCfg = Debug|Any CPU
		{F2A7EF68-9530-4A6E-8362-35A59ADFC543}.Debug|x86.Build.0 = Debug|Any CPU
		{F2A7EF68-9530-4A6E-8362-35A59ADFC543}.Release|Any CPU.ActiveCfg = Release|Any CPU
		{F2A7EF68-9530-4A6E-8362-35A59ADFC543}.Release|Any CPU.Build.0 = Release|Any CPU
		{F2A7EF68-9530-4A6E-8362-35A59ADFC543}.Release|x64.ActiveCfg = Release|Any CPU
		{F2A7EF68-9530-4A6E-8362-35A59ADFC543}.Release|x64.Build.0 = Release|Any CPU
		{F2A7EF68-9530-4A6E-8362-35A59ADFC543}.Release|x86.ActiveCfg = Release|Any CPU
		{F2A7EF68-9530-4A6E-8362-35A59ADFC543}.Release|x86.Build.0 = Release|Any CPU
		{1F61AB87-E8C1-4D24-B857-FFB5D5E8FEB0}.Debug|Any CPU.ActiveCfg = Debug|Any CPU
		{1F61AB87-E8C1-4D24-B857-FFB5D5E8FEB0}.Debug|Any CPU.Build.0 = Debug|Any CPU
		{1F61AB87-E8C1-4D24-B857-FFB5D5E8FEB0}.Debug|x64.ActiveCfg = Debug|Any CPU
		{1F61AB87-E8C1-4D24-B857-FFB5D5E8FEB0}.Debug|x64.Build.0 = Debug|Any CPU
		{1F61AB87-E8C1-4D24-B857-FFB5D5E8FEB0}.Debug|x86.ActiveCfg = Debug|Any CPU
		{1F61AB87-E8C1-4D24-B857-FFB5D5E8FEB0}.Debug|x86.Build.0 = Debug|Any CPU
		{1F61AB87-E8C1-4D24-B857-FFB5D5E8FEB0}.Release|Any CPU.ActiveCfg = Release|Any CPU
		{1F61AB87-E8C1-4D24-B857-FFB5D5E8FEB0}.Release|Any CPU.Build.0 = Release|Any CPU
		{1F61AB87-E8C1-4D24-B857-FFB5D5E8FEB0}.Release|x64.ActiveCfg = Release|Any CPU
		{1F61AB87-E8C1-4D24-B857-FFB5D5E8FEB0}.Release|x64.Build.0 = Release|Any CPU
		{1F61AB87-E8C1-4D24-B857-FFB5D5E8FEB0}.Release|x86.ActiveCfg = Release|Any CPU
		{1F61AB87-E8C1-4D24-B857-FFB5D5E8FEB0}.Release|x86.Build.0 = Release|Any CPU
	EndGlobalSection
	GlobalSection(SolutionProperties) = preSolution
		HideSolutionNode = FALSE
	EndGlobalSection
	GlobalSection(NestedProjects) = preSolution
		{F362356E-3743-4A5F-A350-8A03B78030A6} = {827E0CD3-B72D-47B6-A68D-7590B98EB39B}
		{B76EF475-C53D-49E5-A7C1-94E1CD539163} = {827E0CD3-B72D-47B6-A68D-7590B98EB39B}
		{23BC32E4-4C53-495A-A4F4-28657CEC3EF2} = {827E0CD3-B72D-47B6-A68D-7590B98EB39B}
		{F2A7EF68-9530-4A6E-8362-35A59ADFC543} = {827E0CD3-B72D-47B6-A68D-7590B98EB39B}
		{1F61AB87-E8C1-4D24-B857-FFB5D5E8FEB0} = {0AB3BF05-4346-4AA6-1389-037BE0695223}
	EndGlobalSection
EndGlobal
